<?xml version="1.0" encoding="utf-8"?>
<Project ToolsVersion="4.0" xmlns="http://schemas.microsoft.com/developer/msbuild/2003">
  <ItemGroup>
    <Filter Include="Source Files">
      <UniqueIdentifier>{4FC737F1-C7A5-4376-A066-2A32D752A2FF}</UniqueIdentifier>
      <Extensions>cpp;c;cc;cxx;c++;cppm;ixx;def;odl;idl;hpj;bat;asm;asmx</Extensions>
    </Filter>
    <Filter Include="Header Files">
      <UniqueIdentifier>{93995380-89BD-4b04-88EB-625FBE52EBFB}</UniqueIdentifier>
      <Extensions>h;hh;hpp;hxx;h++;hm;inl;inc;ipp;xsd</Extensions>
    </Filter>
    <Filter Include="Resource Files">
      <UniqueIdentifier>{67DA6AB6-F800-4c08-8B7A-83BB121AAD01}</UniqueIdentifier>
      <Extensions>rc;ico;cur;bmp;dlg;rc2;rct;bin;rgs;gif;jpg;jpeg;jpe;resx;tiff;tif;png;wav;mfcribbon-ms</Extensions>
    </Filter>
    <Filter Include="Source Files\Components">
      <UniqueIdentifier>{eaa7a698-a942-4566-8286-3744477fd530}</UniqueIdentifier>
    </Filter>
    <Filter Include="Header Files\Components">
      <UniqueIdentifier>{cfb950d3-d108-4179-abec-242e1a99253c}</UniqueIdentifier>
    </Filter>
    <Filter Include="Source Files\SceneBehaviors">
      <UniqueIdentifier>{c44a3fe4-5ac2-42ee-ab73-1c82e377f930}</UniqueIdentifier>
    </Filter>
    <Filter Include="Header Files\SceneBehaviors">
      <UniqueIdentifier>{6832fb65-806b-41da-af8c-fd298e08b8da}</UniqueIdentifier>
    </Filter>
    <Filter Include="Header Files\Managers">
      <UniqueIdentifier>{2d5fef40-3568-49b9-97e8-ad9ce8f5903d}</UniqueIdentifier>
    </Filter>
    <Filter Include="Source Files\Managers">
      <UniqueIdentifier>{3593e3c6-3c60-43dd-bdfa-56be4fc37cee}</UniqueIdentifier>
    </Filter>
    <Filter Include="Header Files\Commands">
      <UniqueIdentifier>{bc39916d-6ac5-46ce-8501-3b75d7cb7125}</UniqueIdentifier>
    </Filter>
    <Filter Include="Source Files\Commands">
      <UniqueIdentifier>{28f3ef83-d983-41af-bc2b-3056d708f192}</UniqueIdentifier>
    </Filter>
    <Filter Include="Header Files\DirectionControllers">
      <UniqueIdentifier>{f0e0890c-6d31-453b-9181-1b47960f5bc9}</UniqueIdentifier>
    </Filter>
    <Filter Include="Source Files\DirectionControllers">
      <UniqueIdentifier>{9a93b21b-bef8-4f0a-82de-935f25c83a29}</UniqueIdentifier>
    </Filter>
  </ItemGroup>
  <ItemGroup>
    <ClCompile Include="Game.cpp">
      <Filter>Source Files</Filter>
    </ClCompile>
    <ClCompile Include="GridHopper.cpp">
      <Filter>Source Files\Components</Filter>
    </ClCompile>
    <ClCompile Include="QbertPlayer.cpp">
      <Filter>Source Files\Components</Filter>
    </ClCompile>
    <ClCompile Include="HopperSpriteComponent.cpp">
      <Filter>Source Files\Components</Filter>
    </ClCompile>
    <ClCompile Include="CubeGrid.cpp">
      <Filter>Source Files\Components</Filter>
    </ClCompile>
    <ClCompile Include="GamePCH.cpp">
      <Filter>Source Files</Filter>
    </ClCompile>
    <ClCompile Include="QbertSceneBehavior.cpp">
      <Filter>Source Files\SceneBehaviors</Filter>
    </ClCompile>
    <ClCompile Include="SphereOverlapDetector.cpp">
      <Filter>Source Files\Components</Filter>
    </ClCompile>
    <ClCompile Include="MathHelpers.cpp">
      <Filter>Source Files</Filter>
    </ClCompile>
    <ClCompile Include="TriggerManager.cpp">
      <Filter>Source Files\Managers</Filter>
    </ClCompile>
    <ClCompile Include="DiskComponent.cpp">
      <Filter>Source Files\Components</Filter>
    </ClCompile>
    <ClCompile Include="EnumHelpers.cpp">
      <Filter>Source Files</Filter>
    </ClCompile>
    <ClCompile Include="RandomBouncerComponent.cpp">
      <Filter>Source Files\Components</Filter>
    </ClCompile>
    <ClCompile Include="EnemyManager.cpp">
      <Filter>Source Files\Managers</Filter>
    </ClCompile>
    <ClCompile Include="PlayerManager.cpp">
      <Filter>Source Files\Managers</Filter>
    </ClCompile>
    <ClCompile Include="CoilyComponent.cpp">
      <Filter>Source Files\Components</Filter>
    </ClCompile>
    <ClCompile Include="LevelSelectorComponent.cpp">
      <Filter>Source Files\Components</Filter>
    </ClCompile>
    <ClCompile Include="MenuControlCommand.cpp">
      <Filter>Source Files\Commands</Filter>
    </ClCompile>
    <ClCompile Include="MenuSceneBehavior.cpp">
      <Filter>Source Files\SceneBehaviors</Filter>
    </ClCompile>
    <ClCompile Include="PlayerDirectionController.cpp">
      <Filter>Source Files\DirectionControllers</Filter>
    </ClCompile>
    <ClCompile Include="CoilyDirectionController.cpp">
      <Filter>Source Files\DirectionControllers</Filter>
    </ClCompile>
    <ClCompile Include="ScoreTextComponent.cpp">
      <Filter>Source Files\Components</Filter>
    </ClCompile>
    <ClCompile Include="GameOverSceneBehavior.cpp">
      <Filter>Source Files\SceneBehaviors</Filter>
    </ClCompile>
  </ItemGroup>
  <ItemGroup>
    <ClInclude Include="GridHopper.h">
      <Filter>Header Files\Components</Filter>
    </ClInclude>
    <ClInclude Include="QbertPlayer.h">
      <Filter>Header Files\Components</Filter>
    </ClInclude>
    <ClInclude Include="HopperSpriteComponent.h">
      <Filter>Header Files\Components</Filter>
    </ClInclude>
    <ClInclude Include="Enums.h">
      <Filter>Header Files</Filter>
    </ClInclude>
    <ClInclude Include="CubeGrid.h">
      <Filter>Header Files\Components</Filter>
    </ClInclude>
    <ClInclude Include="GamePCH.h">
      <Filter>Header Files</Filter>
    </ClInclude>
    <ClInclude Include="QbertSceneBehavior.h">
      <Filter>Header Files\SceneBehaviors</Filter>
    </ClInclude>
    <ClInclude Include="SphereOverlapDetector.h">
      <Filter>Header Files\Components</Filter>
    </ClInclude>
    <ClInclude Include="MathHelpers.h">
      <Filter>Header Files</Filter>
    </ClInclude>
    <ClInclude Include="TriggerManager.h">
      <Filter>Header Files\Managers</Filter>
    </ClInclude>
    <ClInclude Include="DiskComponent.h">
      <Filter>Header Files\Components</Filter>
    </ClInclude>
    <ClInclude Include="EnumHelpers.h">
      <Filter>Header Files</Filter>
    </ClInclude>
    <ClInclude Include="RandomBouncerComponent.h">
      <Filter>Header Files\Components</Filter>
    </ClInclude>
    <ClInclude Include="PlayerManager.h">
      <Filter>Header Files\Managers</Filter>
    </ClInclude>
    <ClInclude Include="EnemyManager.h">
      <Filter>Header Files\Managers</Filter>
    </ClInclude>
    <ClInclude Include="CoilyComponent.h">
      <Filter>Header Files\Components</Filter>
    </ClInclude>
    <ClInclude Include="LevelSelectorComponent.h">
      <Filter>Header Files\Components</Filter>
    </ClInclude>
    <ClInclude Include="MenuControlCommand.h">
      <Filter>Header Files\Commands</Filter>
    </ClInclude>
    <ClInclude Include="MenuSceneBehavior.h">
      <Filter>Header Files\SceneBehaviors</Filter>
    </ClInclude>
    <ClInclude Include="IDirectionController.h">
      <Filter>Header Files\DirectionControllers</Filter>
    </ClInclude>
    <ClInclude Include="PlayerDirectionController.h">
      <Filter>Header Files\DirectionControllers</Filter>
    </ClInclude>
    <ClInclude Include="CoilyDirectionController.h">
      <Filter>Header Files\DirectionControllers</Filter>
    </ClInclude>
    <ClInclude Include="ScoreTextComponent.h">
      <Filter>Header Files\Components</Filter>
    </ClInclude>
    <ClInclude Include="GameOverSceneBehavior.h">
      <Filter>Header Files\SceneBehaviors</Filter>
    </ClInclude>
  </ItemGroup>
</Project>