<?xml version="1.0" encoding="utf-8"?>
<Project ToolsVersion="4.0" xmlns="http://schemas.microsoft.com/developer/msbuild/2003">
  <ItemGroup>
    <Filter Include="Source Files">
      <UniqueIdentifier>{4FC737F1-C7A5-4376-A066-2A32D752A2FF}</UniqueIdentifier>
      <Extensions>cpp;c;cc;cxx;def;odl;idl;hpj;bat;asm;asmx</Extensions>
    </Filter>
    <Filter Include="Header Files">
      <UniqueIdentifier>{93995380-89BD-4b04-88EB-625FBE52EBFB}</UniqueIdentifier>
      <Extensions>h;hh;hpp;hxx;hm;inl;inc;xsd</Extensions>
    </Filter>
    <Filter Include="Resource Files">
      <UniqueIdentifier>{67DA6AB6-F800-4c08-8B7A-83BB121AAD01}</UniqueIdentifier>
      <Extensions>rc;ico;cur;bmp;dlg;rc2;rct;bin;rgs;gif;jpg;jpeg;jpe;resx;tiff;tif;png;wav;mfcribbon-ms</Extensions>
    </Filter>
    <Filter Include="Source Files\Scene">
      <UniqueIdentifier>{0bd6019e-6b6d-45d0-bc75-3a711b772cd7}</UniqueIdentifier>
    </Filter>
    <Filter Include="Header Files\Scene">
      <UniqueIdentifier>{14cee5f8-2090-4d14-add5-30317d6fb71f}</UniqueIdentifier>
    </Filter>
    <Filter Include="Source Files\GameObject">
      <UniqueIdentifier>{3e8d941f-921a-4501-9721-78e2fde93b8e}</UniqueIdentifier>
    </Filter>
    <Filter Include="Source Files\GameObject\Components">
      <UniqueIdentifier>{86b7c3ce-58c5-4176-851f-1b6a2613e53d}</UniqueIdentifier>
    </Filter>
    <Filter Include="Header Files\GameObject">
      <UniqueIdentifier>{9663570c-e501-44a6-8288-df611a8c9839}</UniqueIdentifier>
    </Filter>
    <Filter Include="Header Files\GameObject\Components">
      <UniqueIdentifier>{217ced2c-f3a6-4675-bf9a-f5e30aa84bc7}</UniqueIdentifier>
    </Filter>
    <Filter Include="Source Files\Engine">
      <UniqueIdentifier>{31e584cf-7c93-4a9a-9707-092033218ac2}</UniqueIdentifier>
    </Filter>
    <Filter Include="Header Files\Engine">
      <UniqueIdentifier>{b860df8b-43b6-49d5-af14-c23ae6565466}</UniqueIdentifier>
    </Filter>
    <Filter Include="Header Files\Commands">
      <UniqueIdentifier>{4dd3b7fe-c434-41c9-ade4-359a75a5b453}</UniqueIdentifier>
    </Filter>
    <Filter Include="imgui">
      <UniqueIdentifier>{00880991-e4a9-41ac-9fc3-6a12d661b76e}</UniqueIdentifier>
    </Filter>
    <Filter Include="Header Files\Observers">
      <UniqueIdentifier>{d8ddee98-32f6-4c43-8a7f-1cce87514393}</UniqueIdentifier>
    </Filter>
    <Filter Include="Header Files\Sound">
      <UniqueIdentifier>{9ef8fbbf-9c61-4610-a34d-c1bb4739ac1a}</UniqueIdentifier>
    </Filter>
    <Filter Include="Source Files\Sound">
      <UniqueIdentifier>{e739035d-51e0-40ba-a224-4b5844363ddc}</UniqueIdentifier>
    </Filter>
    <Filter Include="Header Files\Factories">
      <UniqueIdentifier>{863e5a8c-54eb-4943-a41b-03497194d5c3}</UniqueIdentifier>
    </Filter>
    <Filter Include="Source Files\Factories">
      <UniqueIdentifier>{7c7258dc-4362-4ecf-9440-0dee9921ae8b}</UniqueIdentifier>
    </Filter>
    <Filter Include="Header Files\Wrappers">
      <UniqueIdentifier>{4a2b1b16-28a8-4306-89ac-ab0535a1b0e2}</UniqueIdentifier>
    </Filter>
    <Filter Include="Header Files\Wrappers\RAII Wrappers">
      <UniqueIdentifier>{465586b4-3eb2-473f-a64e-a3f3bda17daf}</UniqueIdentifier>
    </Filter>
    <Filter Include="Source Files\Wrappers">
      <UniqueIdentifier>{4010f831-268f-4a24-98eb-89e96a18503e}</UniqueIdentifier>
    </Filter>
    <Filter Include="Source Files\Wrappers\RAII Wrappers">
      <UniqueIdentifier>{f698c86e-1130-4ba5-8fde-ac04dfb2eee8}</UniqueIdentifier>
    </Filter>
  </ItemGroup>
  <ItemGroup>
    <ClInclude Include="ResourceManager.h">
      <Filter>Header Files</Filter>
    </ClInclude>
    <ClInclude Include="InputManager.h">
      <Filter>Header Files</Filter>
    </ClInclude>
    <ClInclude Include="ManagerMap.h">
      <Filter>Header Files</Filter>
    </ClInclude>
    <ClInclude Include="TransformComponent.h">
      <Filter>Header Files\GameObject\Components</Filter>
    </ClInclude>
    <ClInclude Include="StaticTextComponent.h">
      <Filter>Header Files\GameObject\Components</Filter>
    </ClInclude>
    <ClInclude Include="FpsCounterComponent.h">
      <Filter>Header Files\GameObject\Components</Filter>
    </ClInclude>
    <ClInclude Include="DynamicTextComponent.h">
      <Filter>Header Files\GameObject\Components</Filter>
    </ClInclude>
    <ClInclude Include="IComponent.h">
      <Filter>Header Files\GameObject\Components</Filter>
    </ClInclude>
    <ClInclude Include="TextureComponent.h">
      <Filter>Header Files\GameObject\Components</Filter>
    </ClInclude>
    <ClInclude Include="Scene.h">
      <Filter>Header Files\Scene</Filter>
    </ClInclude>
    <ClInclude Include="SceneManager.h">
      <Filter>Header Files\Scene</Filter>
    </ClInclude>
    <ClInclude Include="GameObject.h">
      <Filter>Header Files\GameObject</Filter>
    </ClInclude>
    <ClInclude Include="InitInfo.h">
      <Filter>Header Files\GameObject</Filter>
    </ClInclude>
    <ClInclude Include="Minigin.h">
      <Filter>Header Files\Engine</Filter>
    </ClInclude>
    <ClInclude Include="MiniginPCH.h">
      <Filter>Header Files\Engine</Filter>
    </ClInclude>
    <ClInclude Include="Texture2D.h">
      <Filter>Header Files\Wrappers\RAII Wrappers</Filter>
    </ClInclude>
    <ClInclude Include="Font.h">
      <Filter>Header Files\Wrappers\RAII Wrappers</Filter>
    </ClInclude>
    <ClInclude Include="Renderer.h">
      <Filter>Header Files\Wrappers\RAII Wrappers</Filter>
    </ClInclude>
    <ClInclude Include="ICommand.h">
      <Filter>Header Files\Commands</Filter>
    </ClInclude>
    <ClInclude Include="SetVarCommand.h">
      <Filter>Header Files\Commands</Filter>
    </ClInclude>
    <ClInclude Include="..\3rdParty\imgui-1.82\imconfig.h">
      <Filter>imgui</Filter>
    </ClInclude>
    <ClInclude Include="..\3rdParty\imgui-1.82\imgui.h">
      <Filter>imgui</Filter>
    </ClInclude>
    <ClInclude Include="..\3rdParty\imgui-1.82\imgui_internal.h">
      <Filter>imgui</Filter>
    </ClInclude>
    <ClInclude Include="..\3rdParty\imgui-1.82\imstb_rectpack.h">
      <Filter>imgui</Filter>
    </ClInclude>
    <ClInclude Include="..\3rdParty\imgui-1.82\imstb_textedit.h">
      <Filter>imgui</Filter>
    </ClInclude>
    <ClInclude Include="..\3rdParty\imgui-1.82\imstb_truetype.h">
      <Filter>imgui</Filter>
    </ClInclude>
    <ClInclude Include="..\3rdParty\imgui-1.82\backends\imgui_impl_sdl.h">
      <Filter>imgui</Filter>
    </ClInclude>
    <ClInclude Include="ImGuiDemoComponent.h">
      <Filter>Header Files\GameObject\Components</Filter>
    </ClInclude>
    <ClInclude Include="ObservableVariable.h">
      <Filter>Header Files\Observers</Filter>
    </ClInclude>
    <ClInclude Include="ISoundSystem.h">
      <Filter>Header Files\Sound</Filter>
    </ClInclude>
    <ClInclude Include="SDLSoundSystem.h">
      <Filter>Header Files\Sound</Filter>
    </ClInclude>
    <ClInclude Include="UpdateInfo.h">
      <Filter>Header Files\GameObject</Filter>
    </ClInclude>
    <ClInclude Include="ThreadWrapper.h">
      <Filter>Header Files\Wrappers\RAII Wrappers</Filter>
    </ClInclude>
    <ClInclude Include="..\3rdParty\imgui-1.82\backends\imgui_impl_opengl2.h">
      <Filter>imgui</Filter>
    </ClInclude>
    <ClInclude Include="ComponentFactory.h">
      <Filter>Header Files\Factories</Filter>
    </ClInclude>
    <ClInclude Include="GameObjectFactory.h">
      <Filter>Header Files\Factories</Filter>
    </ClInclude>
    <ClInclude Include="SceneFactory.h">
      <Filter>Header Files\Factories</Filter>
    </ClInclude>
    <ClInclude Include="Logger.h">
      <Filter>Header Files</Filter>
    </ClInclude>
    <ClInclude Include="JsonObjectWrapper.h">
      <Filter>Header Files\Wrappers</Filter>
    </ClInclude>
    <ClInclude Include="SceneBehavior.h">
      <Filter>Header Files\Scene</Filter>
    </ClInclude>
    <ClInclude Include="UUID.h">
      <Filter>Header Files</Filter>
    </ClInclude>
    <ClInclude Include="SpriteSheet.h">
      <Filter>Header Files</Filter>
    </ClInclude>
    <ClInclude Include="TimerComponent.h">
      <Filter>Header Files\GameObject\Components</Filter>
    </ClInclude>
  </ItemGroup>
  <ItemGroup>
    <ClCompile Include="ResourceManager.cpp">
      <Filter>Source Files</Filter>
    </ClCompile>
    <ClCompile Include="InputManager.cpp">
      <Filter>Source Files</Filter>
    </ClCompile>
    <ClCompile Include="IComponent.cpp">
      <Filter>Source Files\GameObject\Components</Filter>
    </ClCompile>
    <ClCompile Include="StaticTextComponent.cpp">
      <Filter>Source Files\GameObject\Components</Filter>
    </ClCompile>
    <ClCompile Include="TextureComponent.cpp">
      <Filter>Source Files\GameObject\Components</Filter>
    </ClCompile>
    <ClCompile Include="TransformComponent.cpp">
      <Filter>Source Files\GameObject\Components</Filter>
    </ClCompile>
    <ClCompile Include="FpsCounterComponent.cpp">
      <Filter>Source Files\GameObject\Components</Filter>
    </ClCompile>
    <ClCompile Include="DynamicTextComponent.cpp">
      <Filter>Source Files\GameObject\Components</Filter>
    </ClCompile>
    <ClCompile Include="Scene.cpp">
      <Filter>Source Files\Scene</Filter>
    </ClCompile>
    <ClCompile Include="SceneManager.cpp">
      <Filter>Source Files\Scene</Filter>
    </ClCompile>
    <ClCompile Include="GameObject.cpp">
      <Filter>Source Files\GameObject</Filter>
    </ClCompile>
    <ClCompile Include="InitInfo.cpp">
      <Filter>Source Files\GameObject</Filter>
    </ClCompile>
    <ClCompile Include="Main.cpp">
      <Filter>Source Files\Engine</Filter>
    </ClCompile>
    <ClCompile Include="Minigin.cpp">
      <Filter>Source Files\Engine</Filter>
    </ClCompile>
    <ClCompile Include="MiniginPCH.cpp">
      <Filter>Source Files\Engine</Filter>
    </ClCompile>
    <ClCompile Include="Font.cpp">
      <Filter>Source Files\Wrappers\RAII Wrappers</Filter>
    </ClCompile>
    <ClCompile Include="Texture2D.cpp">
      <Filter>Source Files\Wrappers\RAII Wrappers</Filter>
    </ClCompile>
    <ClCompile Include="Renderer.cpp">
      <Filter>Source Files\Wrappers\RAII Wrappers</Filter>
    </ClCompile>
    <ClCompile Include="..\3rdParty\imgui-1.82\imgui.cpp">
      <Filter>imgui</Filter>
    </ClCompile>
    <ClCompile Include="..\3rdParty\imgui-1.82\imgui_demo.cpp">
      <Filter>imgui</Filter>
    </ClCompile>
    <ClCompile Include="..\3rdParty\imgui-1.82\imgui_draw.cpp">
      <Filter>imgui</Filter>
    </ClCompile>
    <ClCompile Include="..\3rdParty\imgui-1.82\imgui_tables.cpp">
      <Filter>imgui</Filter>
    </ClCompile>
    <ClCompile Include="..\3rdParty\imgui-1.82\imgui_widgets.cpp">
      <Filter>imgui</Filter>
    </ClCompile>
    <ClCompile Include="..\3rdParty\imgui-1.82\backends\imgui_impl_sdl.cpp">
      <Filter>imgui</Filter>
    </ClCompile>
    <ClCompile Include="ImGuiDemoComponent.cpp">
      <Filter>Source Files\GameObject\Components</Filter>
    </ClCompile>
    <ClCompile Include="SDLSoundSystem.cpp">
      <Filter>Source Files\Sound</Filter>
    </ClCompile>
    <ClCompile Include="UpdateInfo.cpp">
      <Filter>Source Files\GameObject</Filter>
    </ClCompile>
    <ClCompile Include="ThreadWrapper.cpp">
      <Filter>Source Files\Wrappers\RAII Wrappers</Filter>
    </ClCompile>
    <ClCompile Include="..\3rdParty\imgui-1.82\backends\imgui_impl_opengl2.cpp">
      <Filter>imgui</Filter>
    </ClCompile>
    <ClCompile Include="ComponentFactory.cpp">
      <Filter>Source Files\Factories</Filter>
    </ClCompile>
    <ClCompile Include="GameObjectFactory.cpp">
      <Filter>Source Files\Factories</Filter>
    </ClCompile>
    <ClCompile Include="SceneFactory.cpp">
      <Filter>Source Files\Factories</Filter>
    </ClCompile>
    <ClCompile Include="Logger.cpp">
      <Filter>Source Files</Filter>
    </ClCompile>
    <ClCompile Include="JsonObjectWrapper.cpp">
      <Filter>Source Files\Wrappers</Filter>
    </ClCompile>
    <ClCompile Include="SceneBehavior.cpp">
      <Filter>Source Files\Scene</Filter>
    </ClCompile>
    <ClCompile Include="SpriteSheet.cpp">
      <Filter>Source Files</Filter>
    </ClCompile>
    <ClCompile Include="TimerComponent.cpp">
      <Filter>Source Files\GameObject\Components</Filter>
    </ClCompile>
  </ItemGroup>
</Project>